{
  "name": "telegram-bot-exps",
  "version": "1.0.0",
  "lockfileVersion": 3,
  "requires": true,
  "packages": {
    "": {
      "name": "telegram-bot-exps",
      "version": "1.0.0",
      "license": "ISC",
      "dependencies": {
        "telegram-bot-exps": "file:"
      }
    },
    "node_modules/telegram-bot-exps": {
      "resolved": "",
      "link": true
    }
  }
}
